
Microsoft Visual Studio Solution File, Format Version 12.00
# Visual Studio Version 16
VisualStudioVersion = 16.0.29920.165
MinimumVisualStudioVersion = 10.0.40219.1
Project("{9A19103F-16F7-4668-BE54-9A1E7A4F7556}") = "DevilDaggersCore", "DevilDaggersCore\DevilDaggersCore.csproj", "{AFC09672-34F0-4BA0-BEE3-5F059A39516C}"
EndProject
Project("{9A19103F-16F7-4668-BE54-9A1E7A4F7556}") = "DevilDaggersCore.Wpf", "DevilDaggersCore.Wpf\DevilDaggersCore.Wpf.csproj", "{6D76D094-82B0-43F4-B122-DED18BDA2EB8}"
EndProject
Project("{FAE04EC0-301F-11D3-BF4B-00C04F79EFBC}") = "DevilDaggersCore.Wpf.TestApp", "DevilDaggersCore.Wpf.TestApp\DevilDaggersCore.Wpf.TestApp.csproj", "{3E84A4D0-F410-4CAE-AF8D-03783C31F992}"
EndProject
Global
	GlobalSection(SolutionConfigurationPlatforms) = preSolution
		Debug|Any CPU = Debug|Any CPU
		Debug|x64 = Debug|x64
		Debug|x86 = Debug|x86
		Release|Any CPU = Release|Any CPU
		Release|x64 = Release|x64
		Release|x86 = Release|x86
	EndGlobalSection
	GlobalSection(ProjectConfigurationPlatforms) = postSolution
		{AFC09672-34F0-4BA0-BEE3-5F059A39516C}.Debug|Any CPU.ActiveCfg = Debug|Any CPU
		{AFC09672-34F0-4BA0-BEE3-5F059A39516C}.Debug|Any CPU.Build.0 = Debug|Any CPU
		{AFC09672-34F0-4BA0-BEE3-5F059A39516C}.Debug|x64.ActiveCfg = Debug|Any CPU
		{AFC09672-34F0-4BA0-BEE3-5F059A39516C}.Debug|x64.Build.0 = Debug|Any CPU
		{AFC09672-34F0-4BA0-BEE3-5F059A39516C}.Debug|x86.ActiveCfg = Debug|Any CPU
		{AFC09672-34F0-4BA0-BEE3-5F059A39516C}.Debug|x86.Build.0 = Debug|Any CPU
		{AFC09672-34F0-4BA0-BEE3-5F059A39516C}.Release|Any CPU.ActiveCfg = Release|Any CPU
		{AFC09672-34F0-4BA0-BEE3-5F059A39516C}.Release|Any CPU.Build.0 = Release|Any CPU
		{AFC09672-34F0-4BA0-BEE3-5F059A39516C}.Release|x64.ActiveCfg = Release|Any CPU
		{AFC09672-34F0-4BA0-BEE3-5F059A39516C}.Release|x64.Build.0 = Release|Any CPU
		{AFC09672-34F0-4BA0-BEE3-5F059A39516C}.Release|x86.ActiveCfg = Release|Any CPU
		{AFC09672-34F0-4BA0-BEE3-5F059A39516C}.Release|x86.Build.0 = Release|Any CPU
		{6D76D094-82B0-43F4-B122-DED18BDA2EB8}.Debug|Any CPU.ActiveCfg = Debug|Any CPU
		{6D76D094-82B0-43F4-B122-DED18BDA2EB8}.Debug|Any CPU.Build.0 = Debug|Any CPU
		{6D76D094-82B0-43F4-B122-DED18BDA2EB8}.Debug|x64.ActiveCfg = Debug|Any CPU
		{6D76D094-82B0-43F4-B122-DED18BDA2EB8}.Debug|x64.Build.0 = Debug|Any CPU
		{6D76D094-82B0-43F4-B122-DED18BDA2EB8}.Debug|x86.ActiveCfg = Debug|Any CPU
		{6D76D094-82B0-43F4-B122-DED18BDA2EB8}.Debug|x86.Build.0 = Debug|Any CPU
		{6D76D094-82B0-43F4-B122-DED18BDA2EB8}.Release|Any CPU.ActiveCfg = Release|Any CPU
		{6D76D094-82B0-43F4-B122-DED18BDA2EB8}.Release|Any CPU.Build.0 = Release|Any CPU
		{6D76D094-82B0-43F4-B122-DED18BDA2EB8}.Release|x64.ActiveCfg = Release|Any CPU
		{6D76D094-82B0-43F4-B122-DED18BDA2EB8}.Release|x64.Build.0 = Release|Any CPU
		{6D76D094-82B0-43F4-B122-DED18BDA2EB8}.Release|x86.ActiveCfg = Release|Any CPU
		{6D76D094-82B0-43F4-B122-DED18BDA2EB8}.Release|x86.Build.0 = Release|Any CPU
		{3E84A4D0-F410-4CAE-AF8D-03783C31F992}.Debug|Any CPU.ActiveCfg = Debug|Any CPU
		{3E84A4D0-F410-4CAE-AF8D-03783C31F992}.Debug|Any CPU.Build.0 = Debug|Any CPU
		{3E84A4D0-F410-4CAE-AF8D-03783C31F992}.Debug|x64.ActiveCfg = Debug|Any CPU
		{3E84A4D0-F410-4CAE-AF8D-03783C31F992}.Debug|x64.Build.0 = Debug|Any CPU
		{3E84A4D0-F410-4CAE-AF8D-03783C31F992}.Debug|x86.ActiveCfg = Debug|Any CPU
		{3E84A4D0-F410-4CAE-AF8D-03783C31F992}.Debug|x86.Build.0 = Debug|Any CPU
		{3E84A4D0-F410-4CAE-AF8D-03783C31F992}.Release|Any CPU.ActiveCfg = Release|Any CPU
		{3E84A4D0-F410-4CAE-AF8D-03783C31F992}.Release|Any CPU.Build.0 = Release|Any CPU
		{3E84A4D0-F410-4CAE-AF8D-03783C31F992}.Release|x64.ActiveCfg = Release|Any CPU
		{3E84A4D0-F410-4CAE-AF8D-03783C31F992}.Release|x64.Build.0 = Release|Any CPU
		{3E84A4D0-F410-4CAE-AF8D-03783C31F992}.Release|x86.ActiveCfg = Release|Any CPU
		{3E84A4D0-F410-4CAE-AF8D-03783C31F992}.Release|x86.Build.0 = Release|Any CPU
	EndGlobalSection
	GlobalSection(SolutionProperties) = preSolution
		HideSolutionNode = FALSE
	EndGlobalSection
	GlobalSection(ExtensibilityGlobals) = postSolution
		SolutionGuid = {F6B0C169-2A74-491E-8B34-38A0CC3CD2DE}
	EndGlobalSection
EndGlobal
