
Microsoft Visual Studio Solution File, Format Version 12.00
# Visual Studio Version 16
VisualStudioVersion = 16.0.29920.165
MinimumVisualStudioVersion = 10.0.40219.1
Project("{9A19103F-16F7-4668-BE54-9A1E7A4F7556}") = "DevilDaggersCore", "DevilDaggersCore\DevilDaggersCore.csproj", "{AFC09672-34F0-4BA0-BEE3-5F059A39516C}"
EndProject
Project("{FAE04EC0-301F-11D3-BF4B-00C04F79EFBC}") = "DevilDaggersAssetEditor", "..\DevilDaggersAssetEditor\DevilDaggersAssetEditor\DevilDaggersAssetEditor.csproj", "{3F45D736-3FB7-4D12-AB9F-C584B7770957}"
EndProject
Project("{FAE04EC0-301F-11D3-BF4B-00C04F79EFBC}") = "DevilDaggersCustomLeaderboards", "..\DevilDaggersCustomLeaderboards\DevilDaggersCustomLeaderboards\DevilDaggersCustomLeaderboards.csproj", "{FD7FEA29-AB64-43B3-9CC6-09EC076E310C}"
EndProject
Project("{9A19103F-16F7-4668-BE54-9A1E7A4F7556}") = "DevilDaggersDiscordBot", "..\DevilDaggersDiscordBot\DevilDaggersDiscordBot\DevilDaggersDiscordBot.csproj", "{7566DD96-03E4-4F85-BE73-8161F01CD5D2}"
EndProject
Project("{2150E333-8FDC-42A3-9474-1A3956D46DE8}") = "Core", "Core", "{9454EFE3-EF3D-4CC7-BEED-82134CE25444}"
EndProject
Project("{9A19103F-16F7-4668-BE54-9A1E7A4F7556}") = "NetBase", "..\NetBase\NetBase\NetBase.csproj", "{1FC59668-000D-4472-9B10-B5C1ED7090DE}"
EndProject
Project("{FAE04EC0-301F-11D3-BF4B-00C04F79EFBC}") = "DevilDaggersSurvivalEditor", "..\DevilDaggersSurvivalEditor\DevilDaggersSurvivalEditor\DevilDaggersSurvivalEditor.csproj", "{1F1E41AC-3DB2-4C00-B68D-692421DAE241}"
EndProject
Project("{9A19103F-16F7-4668-BE54-9A1E7A4F7556}") = "DevilDaggersWebsite", "..\DevilDaggersWebsite\DevilDaggersWebsite\DevilDaggersWebsite.csproj", "{D30156E7-3BF3-4B11-919C-D61361771637}"
EndProject
Project("{9A19103F-16F7-4668-BE54-9A1E7A4F7556}") = "EntireLeaderboardThreadPoolTest", "..\DevilDaggersWebsite\Tools\EntireLeaderboardThreadPoolTest\EntireLeaderboardThreadPoolTest.csproj", "{642064CE-0144-4378-A25F-20078FCCD7FC}"
EndProject
Project("{FAE04EC0-301F-11D3-BF4B-00C04F79EFBC}") = "LeaderboardCsvToJson", "..\DevilDaggersWebsite\Tools\LeaderboardCsvToJson\LeaderboardCsvToJson.csproj", "{70088682-9AB0-4040-8E20-5F8A38DD7799}"
EndProject
Project("{9A19103F-16F7-4668-BE54-9A1E7A4F7556}") = "LeaderboardHtmlToJson", "..\DevilDaggersWebsite\Tools\LeaderboardHtmlToJson\LeaderboardHtmlToJson.csproj", "{9B09A7A9-FE00-474D-90F4-59022C87E413}"
EndProject
Project("{FAE04EC0-301F-11D3-BF4B-00C04F79EFBC}") = "LeaderboardJsonCreator", "..\DevilDaggersWebsite\Tools\LeaderboardJsonCreator\LeaderboardJsonCreator.csproj", "{7FF030A0-D588-4BCD-A01B-7CF847BD7DE4}"
EndProject
Project("{FAE04EC0-301F-11D3-BF4B-00C04F79EFBC}") = "LeaderboardJsonIdFixer", "..\DevilDaggersWebsite\Tools\LeaderboardJsonIdFixer\LeaderboardJsonIdFixer.csproj", "{50389A94-7721-44AE-9708-BC1E024591F5}"
EndProject
Project("{FAE04EC0-301F-11D3-BF4B-00C04F79EFBC}") = "SpawnsetSettingsHelper", "..\DevilDaggersWebsite\Tools\SpawnsetSettingsHelper\SpawnsetSettingsHelper.csproj", "{E71B2949-6119-44A2-90B9-FE80B16427C8}"
EndProject
Project("{2150E333-8FDC-42A3-9474-1A3956D46DE8}") = "DDAE", "DDAE", "{4ED2487E-73B4-4F54-88ED-6DBDDC86F61D}"
EndProject
Project("{9A19103F-16F7-4668-BE54-9A1E7A4F7556}") = "DevilDaggersAssetCore", "..\DevilDaggersAssetEditor\DevilDaggersAssetCore\DevilDaggersAssetCore.csproj", "{1167F2DF-2780-43DE-A5E3-7013E591D6D8}"
EndProject
Project("{2150E333-8FDC-42A3-9474-1A3956D46DE8}") = "Website", "Website", "{D682BF39-9F2E-4063-8402-CAA7AF47DF7A}"
EndProject
Project("{9A19103F-16F7-4668-BE54-9A1E7A4F7556}") = "JsonUtils", "..\JsonUtils\JsonUtils\JsonUtils.csproj", "{16AAAC66-E8C5-49A3-96C1-F76395B8917A}"
EndProject
Project("{9A19103F-16F7-4668-BE54-9A1E7A4F7556}") = "EncryptionUtils", "..\EncryptionUtils\EncryptionUtils\EncryptionUtils.csproj", "{5DBBDDD1-0E1D-47F1-B33D-37DE916DF380}"
EndProject
Project("{9A19103F-16F7-4668-BE54-9A1E7A4F7556}") = "SyntaxHighlighter", "..\SyntaxHighlighter\SyntaxHighlighter\SyntaxHighlighter.csproj", "{B6593ED4-8AAD-47A6-8BA1-4255E885F3B5}"
EndProject
Global
	GlobalSection(SolutionConfigurationPlatforms) = preSolution
		Debug|Any CPU = Debug|Any CPU
		Debug|x64 = Debug|x64
		Debug|x86 = Debug|x86
		Release|Any CPU = Release|Any CPU
		Release|x64 = Release|x64
		Release|x86 = Release|x86
	EndGlobalSection
	GlobalSection(ProjectConfigurationPlatforms) = postSolution
		{AFC09672-34F0-4BA0-BEE3-5F059A39516C}.Debug|Any CPU.ActiveCfg = Debug|Any CPU
		{AFC09672-34F0-4BA0-BEE3-5F059A39516C}.Debug|Any CPU.Build.0 = Debug|Any CPU
		{AFC09672-34F0-4BA0-BEE3-5F059A39516C}.Debug|x64.ActiveCfg = Debug|Any CPU
		{AFC09672-34F0-4BA0-BEE3-5F059A39516C}.Debug|x64.Build.0 = Debug|Any CPU
		{AFC09672-34F0-4BA0-BEE3-5F059A39516C}.Debug|x86.ActiveCfg = Debug|Any CPU
		{AFC09672-34F0-4BA0-BEE3-5F059A39516C}.Debug|x86.Build.0 = Debug|Any CPU
		{AFC09672-34F0-4BA0-BEE3-5F059A39516C}.Release|Any CPU.ActiveCfg = Release|Any CPU
		{AFC09672-34F0-4BA0-BEE3-5F059A39516C}.Release|Any CPU.Build.0 = Release|Any CPU
		{AFC09672-34F0-4BA0-BEE3-5F059A39516C}.Release|x64.ActiveCfg = Release|Any CPU
		{AFC09672-34F0-4BA0-BEE3-5F059A39516C}.Release|x64.Build.0 = Release|Any CPU
		{AFC09672-34F0-4BA0-BEE3-5F059A39516C}.Release|x86.ActiveCfg = Release|Any CPU
		{AFC09672-34F0-4BA0-BEE3-5F059A39516C}.Release|x86.Build.0 = Release|Any CPU
		{3F45D736-3FB7-4D12-AB9F-C584B7770957}.Debug|Any CPU.ActiveCfg = Debug|Any CPU
		{3F45D736-3FB7-4D12-AB9F-C584B7770957}.Debug|Any CPU.Build.0 = Debug|Any CPU
		{3F45D736-3FB7-4D12-AB9F-C584B7770957}.Debug|x64.ActiveCfg = Debug|x64
		{3F45D736-3FB7-4D12-AB9F-C584B7770957}.Debug|x64.Build.0 = Debug|x64
		{3F45D736-3FB7-4D12-AB9F-C584B7770957}.Debug|x86.ActiveCfg = Debug|Any CPU
		{3F45D736-3FB7-4D12-AB9F-C584B7770957}.Debug|x86.Build.0 = Debug|Any CPU
		{3F45D736-3FB7-4D12-AB9F-C584B7770957}.Release|Any CPU.ActiveCfg = Release|Any CPU
		{3F45D736-3FB7-4D12-AB9F-C584B7770957}.Release|Any CPU.Build.0 = Release|Any CPU
		{3F45D736-3FB7-4D12-AB9F-C584B7770957}.Release|x64.ActiveCfg = Release|x64
		{3F45D736-3FB7-4D12-AB9F-C584B7770957}.Release|x64.Build.0 = Release|x64
		{3F45D736-3FB7-4D12-AB9F-C584B7770957}.Release|x86.ActiveCfg = Release|Any CPU
		{3F45D736-3FB7-4D12-AB9F-C584B7770957}.Release|x86.Build.0 = Release|Any CPU
		{FD7FEA29-AB64-43B3-9CC6-09EC076E310C}.Debug|Any CPU.ActiveCfg = Debug|Any CPU
		{FD7FEA29-AB64-43B3-9CC6-09EC076E310C}.Debug|Any CPU.Build.0 = Debug|Any CPU
		{FD7FEA29-AB64-43B3-9CC6-09EC076E310C}.Debug|x64.ActiveCfg = Debug|Any CPU
		{FD7FEA29-AB64-43B3-9CC6-09EC076E310C}.Debug|x64.Build.0 = Debug|Any CPU
		{FD7FEA29-AB64-43B3-9CC6-09EC076E310C}.Debug|x86.ActiveCfg = Debug|Any CPU
		{FD7FEA29-AB64-43B3-9CC6-09EC076E310C}.Debug|x86.Build.0 = Debug|Any CPU
		{FD7FEA29-AB64-43B3-9CC6-09EC076E310C}.Release|Any CPU.ActiveCfg = Release|Any CPU
		{FD7FEA29-AB64-43B3-9CC6-09EC076E310C}.Release|Any CPU.Build.0 = Release|Any CPU
		{FD7FEA29-AB64-43B3-9CC6-09EC076E310C}.Release|x64.ActiveCfg = Release|Any CPU
		{FD7FEA29-AB64-43B3-9CC6-09EC076E310C}.Release|x64.Build.0 = Release|Any CPU
		{FD7FEA29-AB64-43B3-9CC6-09EC076E310C}.Release|x86.ActiveCfg = Release|Any CPU
		{FD7FEA29-AB64-43B3-9CC6-09EC076E310C}.Release|x86.Build.0 = Release|Any CPU
		{7566DD96-03E4-4F85-BE73-8161F01CD5D2}.Debug|Any CPU.ActiveCfg = Debug|Any CPU
		{7566DD96-03E4-4F85-BE73-8161F01CD5D2}.Debug|Any CPU.Build.0 = Debug|Any CPU
		{7566DD96-03E4-4F85-BE73-8161F01CD5D2}.Debug|x64.ActiveCfg = Debug|Any CPU
		{7566DD96-03E4-4F85-BE73-8161F01CD5D2}.Debug|x64.Build.0 = Debug|Any CPU
		{7566DD96-03E4-4F85-BE73-8161F01CD5D2}.Debug|x86.ActiveCfg = Debug|Any CPU
		{7566DD96-03E4-4F85-BE73-8161F01CD5D2}.Debug|x86.Build.0 = Debug|Any CPU
		{7566DD96-03E4-4F85-BE73-8161F01CD5D2}.Release|Any CPU.ActiveCfg = Release|Any CPU
		{7566DD96-03E4-4F85-BE73-8161F01CD5D2}.Release|Any CPU.Build.0 = Release|Any CPU
		{7566DD96-03E4-4F85-BE73-8161F01CD5D2}.Release|x64.ActiveCfg = Release|Any CPU
		{7566DD96-03E4-4F85-BE73-8161F01CD5D2}.Release|x64.Build.0 = Release|Any CPU
		{7566DD96-03E4-4F85-BE73-8161F01CD5D2}.Release|x86.ActiveCfg = Release|Any CPU
		{7566DD96-03E4-4F85-BE73-8161F01CD5D2}.Release|x86.Build.0 = Release|Any CPU
		{1FC59668-000D-4472-9B10-B5C1ED7090DE}.Debug|Any CPU.ActiveCfg = Debug|Any CPU
		{1FC59668-000D-4472-9B10-B5C1ED7090DE}.Debug|Any CPU.Build.0 = Debug|Any CPU
		{1FC59668-000D-4472-9B10-B5C1ED7090DE}.Debug|x64.ActiveCfg = Debug|Any CPU
		{1FC59668-000D-4472-9B10-B5C1ED7090DE}.Debug|x64.Build.0 = Debug|Any CPU
		{1FC59668-000D-4472-9B10-B5C1ED7090DE}.Debug|x86.ActiveCfg = Debug|x86
		{1FC59668-000D-4472-9B10-B5C1ED7090DE}.Debug|x86.Build.0 = Debug|x86
		{1FC59668-000D-4472-9B10-B5C1ED7090DE}.Release|Any CPU.ActiveCfg = Release|Any CPU
		{1FC59668-000D-4472-9B10-B5C1ED7090DE}.Release|Any CPU.Build.0 = Release|Any CPU
		{1FC59668-000D-4472-9B10-B5C1ED7090DE}.Release|x64.ActiveCfg = Release|Any CPU
		{1FC59668-000D-4472-9B10-B5C1ED7090DE}.Release|x64.Build.0 = Release|Any CPU
		{1FC59668-000D-4472-9B10-B5C1ED7090DE}.Release|x86.ActiveCfg = Release|x86
		{1FC59668-000D-4472-9B10-B5C1ED7090DE}.Release|x86.Build.0 = Release|x86
		{1F1E41AC-3DB2-4C00-B68D-692421DAE241}.Debug|Any CPU.ActiveCfg = Debug|Any CPU
		{1F1E41AC-3DB2-4C00-B68D-692421DAE241}.Debug|Any CPU.Build.0 = Debug|Any CPU
		{1F1E41AC-3DB2-4C00-B68D-692421DAE241}.Debug|x64.ActiveCfg = Debug|Any CPU
		{1F1E41AC-3DB2-4C00-B68D-692421DAE241}.Debug|x64.Build.0 = Debug|Any CPU
		{1F1E41AC-3DB2-4C00-B68D-692421DAE241}.Debug|x86.ActiveCfg = Debug|Any CPU
		{1F1E41AC-3DB2-4C00-B68D-692421DAE241}.Debug|x86.Build.0 = Debug|Any CPU
		{1F1E41AC-3DB2-4C00-B68D-692421DAE241}.Release|Any CPU.ActiveCfg = Release|Any CPU
		{1F1E41AC-3DB2-4C00-B68D-692421DAE241}.Release|Any CPU.Build.0 = Release|Any CPU
		{1F1E41AC-3DB2-4C00-B68D-692421DAE241}.Release|x64.ActiveCfg = Release|Any CPU
		{1F1E41AC-3DB2-4C00-B68D-692421DAE241}.Release|x64.Build.0 = Release|Any CPU
		{1F1E41AC-3DB2-4C00-B68D-692421DAE241}.Release|x86.ActiveCfg = Release|Any CPU
		{1F1E41AC-3DB2-4C00-B68D-692421DAE241}.Release|x86.Build.0 = Release|Any CPU
		{D30156E7-3BF3-4B11-919C-D61361771637}.Debug|Any CPU.ActiveCfg = Debug|Any CPU
		{D30156E7-3BF3-4B11-919C-D61361771637}.Debug|Any CPU.Build.0 = Debug|Any CPU
		{D30156E7-3BF3-4B11-919C-D61361771637}.Debug|x64.ActiveCfg = Debug|Any CPU
		{D30156E7-3BF3-4B11-919C-D61361771637}.Debug|x64.Build.0 = Debug|Any CPU
		{D30156E7-3BF3-4B11-919C-D61361771637}.Debug|x86.ActiveCfg = Debug|Any CPU
		{D30156E7-3BF3-4B11-919C-D61361771637}.Debug|x86.Build.0 = Debug|Any CPU
		{D30156E7-3BF3-4B11-919C-D61361771637}.Release|Any CPU.ActiveCfg = Release|Any CPU
		{D30156E7-3BF3-4B11-919C-D61361771637}.Release|Any CPU.Build.0 = Release|Any CPU
		{D30156E7-3BF3-4B11-919C-D61361771637}.Release|x64.ActiveCfg = Release|Any CPU
		{D30156E7-3BF3-4B11-919C-D61361771637}.Release|x64.Build.0 = Release|Any CPU
		{D30156E7-3BF3-4B11-919C-D61361771637}.Release|x86.ActiveCfg = Release|Any CPU
		{D30156E7-3BF3-4B11-919C-D61361771637}.Release|x86.Build.0 = Release|Any CPU
		{642064CE-0144-4378-A25F-20078FCCD7FC}.Debug|Any CPU.ActiveCfg = Debug|Any CPU
		{642064CE-0144-4378-A25F-20078FCCD7FC}.Debug|Any CPU.Build.0 = Debug|Any CPU
		{642064CE-0144-4378-A25F-20078FCCD7FC}.Debug|x64.ActiveCfg = Debug|Any CPU
		{642064CE-0144-4378-A25F-20078FCCD7FC}.Debug|x64.Build.0 = Debug|Any CPU
		{642064CE-0144-4378-A25F-20078FCCD7FC}.Debug|x86.ActiveCfg = Debug|Any CPU
		{642064CE-0144-4378-A25F-20078FCCD7FC}.Debug|x86.Build.0 = Debug|Any CPU
		{642064CE-0144-4378-A25F-20078FCCD7FC}.Release|Any CPU.ActiveCfg = Release|Any CPU
		{642064CE-0144-4378-A25F-20078FCCD7FC}.Release|Any CPU.Build.0 = Release|Any CPU
		{642064CE-0144-4378-A25F-20078FCCD7FC}.Release|x64.ActiveCfg = Release|Any CPU
		{642064CE-0144-4378-A25F-20078FCCD7FC}.Release|x64.Build.0 = Release|Any CPU
		{642064CE-0144-4378-A25F-20078FCCD7FC}.Release|x86.ActiveCfg = Release|Any CPU
		{642064CE-0144-4378-A25F-20078FCCD7FC}.Release|x86.Build.0 = Release|Any CPU
		{70088682-9AB0-4040-8E20-5F8A38DD7799}.Debug|Any CPU.ActiveCfg = Debug|Any CPU
		{70088682-9AB0-4040-8E20-5F8A38DD7799}.Debug|Any CPU.Build.0 = Debug|Any CPU
		{70088682-9AB0-4040-8E20-5F8A38DD7799}.Debug|x64.ActiveCfg = Debug|Any CPU
		{70088682-9AB0-4040-8E20-5F8A38DD7799}.Debug|x64.Build.0 = Debug|Any CPU
		{70088682-9AB0-4040-8E20-5F8A38DD7799}.Debug|x86.ActiveCfg = Debug|Any CPU
		{70088682-9AB0-4040-8E20-5F8A38DD7799}.Debug|x86.Build.0 = Debug|Any CPU
		{70088682-9AB0-4040-8E20-5F8A38DD7799}.Release|Any CPU.ActiveCfg = Release|Any CPU
		{70088682-9AB0-4040-8E20-5F8A38DD7799}.Release|Any CPU.Build.0 = Release|Any CPU
		{70088682-9AB0-4040-8E20-5F8A38DD7799}.Release|x64.ActiveCfg = Release|Any CPU
		{70088682-9AB0-4040-8E20-5F8A38DD7799}.Release|x64.Build.0 = Release|Any CPU
		{70088682-9AB0-4040-8E20-5F8A38DD7799}.Release|x86.ActiveCfg = Release|Any CPU
		{70088682-9AB0-4040-8E20-5F8A38DD7799}.Release|x86.Build.0 = Release|Any CPU
		{9B09A7A9-FE00-474D-90F4-59022C87E413}.Debug|Any CPU.ActiveCfg = Debug|Any CPU
		{9B09A7A9-FE00-474D-90F4-59022C87E413}.Debug|Any CPU.Build.0 = Debug|Any CPU
		{9B09A7A9-FE00-474D-90F4-59022C87E413}.Debug|x64.ActiveCfg = Debug|Any CPU
		{9B09A7A9-FE00-474D-90F4-59022C87E413}.Debug|x64.Build.0 = Debug|Any CPU
		{9B09A7A9-FE00-474D-90F4-59022C87E413}.Debug|x86.ActiveCfg = Debug|Any CPU
		{9B09A7A9-FE00-474D-90F4-59022C87E413}.Debug|x86.Build.0 = Debug|Any CPU
		{9B09A7A9-FE00-474D-90F4-59022C87E413}.Release|Any CPU.ActiveCfg = Release|Any CPU
		{9B09A7A9-FE00-474D-90F4-59022C87E413}.Release|Any CPU.Build.0 = Release|Any CPU
		{9B09A7A9-FE00-474D-90F4-59022C87E413}.Release|x64.ActiveCfg = Release|Any CPU
		{9B09A7A9-FE00-474D-90F4-59022C87E413}.Release|x64.Build.0 = Release|Any CPU
		{9B09A7A9-FE00-474D-90F4-59022C87E413}.Release|x86.ActiveCfg = Release|Any CPU
		{9B09A7A9-FE00-474D-90F4-59022C87E413}.Release|x86.Build.0 = Release|Any CPU
		{7FF030A0-D588-4BCD-A01B-7CF847BD7DE4}.Debug|Any CPU.ActiveCfg = Debug|Any CPU
		{7FF030A0-D588-4BCD-A01B-7CF847BD7DE4}.Debug|Any CPU.Build.0 = Debug|Any CPU
		{7FF030A0-D588-4BCD-A01B-7CF847BD7DE4}.Debug|x64.ActiveCfg = Debug|Any CPU
		{7FF030A0-D588-4BCD-A01B-7CF847BD7DE4}.Debug|x64.Build.0 = Debug|Any CPU
		{7FF030A0-D588-4BCD-A01B-7CF847BD7DE4}.Debug|x86.ActiveCfg = Debug|Any CPU
		{7FF030A0-D588-4BCD-A01B-7CF847BD7DE4}.Debug|x86.Build.0 = Debug|Any CPU
		{7FF030A0-D588-4BCD-A01B-7CF847BD7DE4}.Release|Any CPU.ActiveCfg = Release|Any CPU
		{7FF030A0-D588-4BCD-A01B-7CF847BD7DE4}.Release|Any CPU.Build.0 = Release|Any CPU
		{7FF030A0-D588-4BCD-A01B-7CF847BD7DE4}.Release|x64.ActiveCfg = Release|Any CPU
		{7FF030A0-D588-4BCD-A01B-7CF847BD7DE4}.Release|x64.Build.0 = Release|Any CPU
		{7FF030A0-D588-4BCD-A01B-7CF847BD7DE4}.Release|x86.ActiveCfg = Release|Any CPU
		{7FF030A0-D588-4BCD-A01B-7CF847BD7DE4}.Release|x86.Build.0 = Release|Any CPU
		{50389A94-7721-44AE-9708-BC1E024591F5}.Debug|Any CPU.ActiveCfg = Debug|Any CPU
		{50389A94-7721-44AE-9708-BC1E024591F5}.Debug|Any CPU.Build.0 = Debug|Any CPU
		{50389A94-7721-44AE-9708-BC1E024591F5}.Debug|x64.ActiveCfg = Debug|Any CPU
		{50389A94-7721-44AE-9708-BC1E024591F5}.Debug|x64.Build.0 = Debug|Any CPU
		{50389A94-7721-44AE-9708-BC1E024591F5}.Debug|x86.ActiveCfg = Debug|Any CPU
		{50389A94-7721-44AE-9708-BC1E024591F5}.Debug|x86.Build.0 = Debug|Any CPU
		{50389A94-7721-44AE-9708-BC1E024591F5}.Release|Any CPU.ActiveCfg = Release|Any CPU
		{50389A94-7721-44AE-9708-BC1E024591F5}.Release|Any CPU.Build.0 = Release|Any CPU
		{50389A94-7721-44AE-9708-BC1E024591F5}.Release|x64.ActiveCfg = Release|Any CPU
		{50389A94-7721-44AE-9708-BC1E024591F5}.Release|x64.Build.0 = Release|Any CPU
		{50389A94-7721-44AE-9708-BC1E024591F5}.Release|x86.ActiveCfg = Release|Any CPU
		{50389A94-7721-44AE-9708-BC1E024591F5}.Release|x86.Build.0 = Release|Any CPU
		{E71B2949-6119-44A2-90B9-FE80B16427C8}.Debug|Any CPU.ActiveCfg = Debug|Any CPU
		{E71B2949-6119-44A2-90B9-FE80B16427C8}.Debug|Any CPU.Build.0 = Debug|Any CPU
		{E71B2949-6119-44A2-90B9-FE80B16427C8}.Debug|x64.ActiveCfg = Debug|Any CPU
		{E71B2949-6119-44A2-90B9-FE80B16427C8}.Debug|x64.Build.0 = Debug|Any CPU
		{E71B2949-6119-44A2-90B9-FE80B16427C8}.Debug|x86.ActiveCfg = Debug|Any CPU
		{E71B2949-6119-44A2-90B9-FE80B16427C8}.Debug|x86.Build.0 = Debug|Any CPU
		{E71B2949-6119-44A2-90B9-FE80B16427C8}.Release|Any CPU.ActiveCfg = Release|Any CPU
		{E71B2949-6119-44A2-90B9-FE80B16427C8}.Release|Any CPU.Build.0 = Release|Any CPU
		{E71B2949-6119-44A2-90B9-FE80B16427C8}.Release|x64.ActiveCfg = Release|Any CPU
		{E71B2949-6119-44A2-90B9-FE80B16427C8}.Release|x64.Build.0 = Release|Any CPU
		{E71B2949-6119-44A2-90B9-FE80B16427C8}.Release|x86.ActiveCfg = Release|Any CPU
		{E71B2949-6119-44A2-90B9-FE80B16427C8}.Release|x86.Build.0 = Release|Any CPU
		{1167F2DF-2780-43DE-A5E3-7013E591D6D8}.Debug|Any CPU.ActiveCfg = Debug|Any CPU
		{1167F2DF-2780-43DE-A5E3-7013E591D6D8}.Debug|Any CPU.Build.0 = Debug|Any CPU
		{1167F2DF-2780-43DE-A5E3-7013E591D6D8}.Debug|x64.ActiveCfg = Debug|x64
		{1167F2DF-2780-43DE-A5E3-7013E591D6D8}.Debug|x64.Build.0 = Debug|x64
		{1167F2DF-2780-43DE-A5E3-7013E591D6D8}.Debug|x86.ActiveCfg = Debug|x86
		{1167F2DF-2780-43DE-A5E3-7013E591D6D8}.Debug|x86.Build.0 = Debug|x86
		{1167F2DF-2780-43DE-A5E3-7013E591D6D8}.Release|Any CPU.ActiveCfg = Release|Any CPU
		{1167F2DF-2780-43DE-A5E3-7013E591D6D8}.Release|Any CPU.Build.0 = Release|Any CPU
		{1167F2DF-2780-43DE-A5E3-7013E591D6D8}.Release|x64.ActiveCfg = Release|x64
		{1167F2DF-2780-43DE-A5E3-7013E591D6D8}.Release|x64.Build.0 = Release|x64
		{1167F2DF-2780-43DE-A5E3-7013E591D6D8}.Release|x86.ActiveCfg = Release|x86
		{1167F2DF-2780-43DE-A5E3-7013E591D6D8}.Release|x86.Build.0 = Release|x86
		{16AAAC66-E8C5-49A3-96C1-F76395B8917A}.Debug|Any CPU.ActiveCfg = Debug|Any CPU
		{16AAAC66-E8C5-49A3-96C1-F76395B8917A}.Debug|Any CPU.Build.0 = Debug|Any CPU
		{16AAAC66-E8C5-49A3-96C1-F76395B8917A}.Debug|x64.ActiveCfg = Debug|Any CPU
		{16AAAC66-E8C5-49A3-96C1-F76395B8917A}.Debug|x64.Build.0 = Debug|Any CPU
		{16AAAC66-E8C5-49A3-96C1-F76395B8917A}.Debug|x86.ActiveCfg = Debug|x86
		{16AAAC66-E8C5-49A3-96C1-F76395B8917A}.Debug|x86.Build.0 = Debug|x86
		{16AAAC66-E8C5-49A3-96C1-F76395B8917A}.Release|Any CPU.ActiveCfg = Release|Any CPU
		{16AAAC66-E8C5-49A3-96C1-F76395B8917A}.Release|Any CPU.Build.0 = Release|Any CPU
		{16AAAC66-E8C5-49A3-96C1-F76395B8917A}.Release|x64.ActiveCfg = Release|Any CPU
		{16AAAC66-E8C5-49A3-96C1-F76395B8917A}.Release|x64.Build.0 = Release|Any CPU
		{16AAAC66-E8C5-49A3-96C1-F76395B8917A}.Release|x86.ActiveCfg = Release|x86
		{16AAAC66-E8C5-49A3-96C1-F76395B8917A}.Release|x86.Build.0 = Release|x86
		{5DBBDDD1-0E1D-47F1-B33D-37DE916DF380}.Debug|Any CPU.ActiveCfg = Debug|Any CPU
		{5DBBDDD1-0E1D-47F1-B33D-37DE916DF380}.Debug|Any CPU.Build.0 = Debug|Any CPU
		{5DBBDDD1-0E1D-47F1-B33D-37DE916DF380}.Debug|x64.ActiveCfg = Debug|Any CPU
		{5DBBDDD1-0E1D-47F1-B33D-37DE916DF380}.Debug|x64.Build.0 = Debug|Any CPU
		{5DBBDDD1-0E1D-47F1-B33D-37DE916DF380}.Debug|x86.ActiveCfg = Debug|Any CPU
		{5DBBDDD1-0E1D-47F1-B33D-37DE916DF380}.Debug|x86.Build.0 = Debug|Any CPU
		{5DBBDDD1-0E1D-47F1-B33D-37DE916DF380}.Release|Any CPU.ActiveCfg = Release|Any CPU
		{5DBBDDD1-0E1D-47F1-B33D-37DE916DF380}.Release|Any CPU.Build.0 = Release|Any CPU
		{5DBBDDD1-0E1D-47F1-B33D-37DE916DF380}.Release|x64.ActiveCfg = Release|Any CPU
		{5DBBDDD1-0E1D-47F1-B33D-37DE916DF380}.Release|x64.Build.0 = Release|Any CPU
		{5DBBDDD1-0E1D-47F1-B33D-37DE916DF380}.Release|x86.ActiveCfg = Release|Any CPU
		{5DBBDDD1-0E1D-47F1-B33D-37DE916DF380}.Release|x86.Build.0 = Release|Any CPU
		{B6593ED4-8AAD-47A6-8BA1-4255E885F3B5}.Debug|Any CPU.ActiveCfg = Debug|Any CPU
		{B6593ED4-8AAD-47A6-8BA1-4255E885F3B5}.Debug|Any CPU.Build.0 = Debug|Any CPU
		{B6593ED4-8AAD-47A6-8BA1-4255E885F3B5}.Debug|x64.ActiveCfg = Debug|Any CPU
		{B6593ED4-8AAD-47A6-8BA1-4255E885F3B5}.Debug|x64.Build.0 = Debug|Any CPU
		{B6593ED4-8AAD-47A6-8BA1-4255E885F3B5}.Debug|x86.ActiveCfg = Debug|Any CPU
		{B6593ED4-8AAD-47A6-8BA1-4255E885F3B5}.Debug|x86.Build.0 = Debug|Any CPU
		{B6593ED4-8AAD-47A6-8BA1-4255E885F3B5}.Release|Any CPU.ActiveCfg = Release|Any CPU
		{B6593ED4-8AAD-47A6-8BA1-4255E885F3B5}.Release|Any CPU.Build.0 = Release|Any CPU
		{B6593ED4-8AAD-47A6-8BA1-4255E885F3B5}.Release|x64.ActiveCfg = Release|Any CPU
		{B6593ED4-8AAD-47A6-8BA1-4255E885F3B5}.Release|x64.Build.0 = Release|Any CPU
		{B6593ED4-8AAD-47A6-8BA1-4255E885F3B5}.Release|x86.ActiveCfg = Release|Any CPU
		{B6593ED4-8AAD-47A6-8BA1-4255E885F3B5}.Release|x86.Build.0 = Release|Any CPU
	EndGlobalSection
	GlobalSection(SolutionProperties) = preSolution
		HideSolutionNode = FALSE
	EndGlobalSection
	GlobalSection(NestedProjects) = preSolution
		{3F45D736-3FB7-4D12-AB9F-C584B7770957} = {4ED2487E-73B4-4F54-88ED-6DBDDC86F61D}
		{1FC59668-000D-4472-9B10-B5C1ED7090DE} = {9454EFE3-EF3D-4CC7-BEED-82134CE25444}
		{D30156E7-3BF3-4B11-919C-D61361771637} = {D682BF39-9F2E-4063-8402-CAA7AF47DF7A}
		{642064CE-0144-4378-A25F-20078FCCD7FC} = {D682BF39-9F2E-4063-8402-CAA7AF47DF7A}
		{70088682-9AB0-4040-8E20-5F8A38DD7799} = {D682BF39-9F2E-4063-8402-CAA7AF47DF7A}
		{9B09A7A9-FE00-474D-90F4-59022C87E413} = {D682BF39-9F2E-4063-8402-CAA7AF47DF7A}
		{7FF030A0-D588-4BCD-A01B-7CF847BD7DE4} = {D682BF39-9F2E-4063-8402-CAA7AF47DF7A}
		{50389A94-7721-44AE-9708-BC1E024591F5} = {D682BF39-9F2E-4063-8402-CAA7AF47DF7A}
		{E71B2949-6119-44A2-90B9-FE80B16427C8} = {D682BF39-9F2E-4063-8402-CAA7AF47DF7A}
		{1167F2DF-2780-43DE-A5E3-7013E591D6D8} = {4ED2487E-73B4-4F54-88ED-6DBDDC86F61D}
		{16AAAC66-E8C5-49A3-96C1-F76395B8917A} = {9454EFE3-EF3D-4CC7-BEED-82134CE25444}
		{5DBBDDD1-0E1D-47F1-B33D-37DE916DF380} = {9454EFE3-EF3D-4CC7-BEED-82134CE25444}
		{B6593ED4-8AAD-47A6-8BA1-4255E885F3B5} = {9454EFE3-EF3D-4CC7-BEED-82134CE25444}
	EndGlobalSection
	GlobalSection(ExtensibilityGlobals) = postSolution
		SolutionGuid = {F6B0C169-2A74-491E-8B34-38A0CC3CD2DE}
	EndGlobalSection
EndGlobal
