
Microsoft Visual Studio Solution File, Format Version 12.00
# Visual Studio Version 16
VisualStudioVersion = 16.0.29920.165
MinimumVisualStudioVersion = 10.0.40219.1
Project("{9A19103F-16F7-4668-BE54-9A1E7A4F7556}") = "DevilDaggersCore", "DevilDaggersCore\DevilDaggersCore.csproj", "{AFC09672-34F0-4BA0-BEE3-5F059A39516C}"
EndProject
Project("{FAE04EC0-301F-11D3-BF4B-00C04F79EFBC}") = "DevilDaggersAssetEditor", "..\DevilDaggersAssetEditor\DevilDaggersAssetEditor\DevilDaggersAssetEditor.csproj", "{3F45D736-3FB7-4D12-AB9F-C584B7770957}"
EndProject
Project("{9A19103F-16F7-4668-BE54-9A1E7A4F7556}") = "DevilDaggersCustomLeaderboards", "..\DevilDaggersCustomLeaderboards\DevilDaggersCustomLeaderboards\DevilDaggersCustomLeaderboards.csproj", "{FD7FEA29-AB64-43B3-9CC6-09EC076E310C}"
EndProject
Project("{9A19103F-16F7-4668-BE54-9A1E7A4F7556}") = "DiscordBotDdInfo", "..\DiscordBotDdInfo\DiscordBotDdInfo\DiscordBotDdInfo.csproj", "{7566DD96-03E4-4F85-BE73-8161F01CD5D2}"
EndProject
Project("{2150E333-8FDC-42A3-9474-1A3956D46DE8}") = "Core", "Core", "{9454EFE3-EF3D-4CC7-BEED-82134CE25444}"
EndProject
Project("{9A19103F-16F7-4668-BE54-9A1E7A4F7556}") = "DevilDaggersSurvivalEditor", "..\DevilDaggersSurvivalEditor\DevilDaggersSurvivalEditor\DevilDaggersSurvivalEditor.csproj", "{1F1E41AC-3DB2-4C00-B68D-692421DAE241}"
EndProject
Project("{9A19103F-16F7-4668-BE54-9A1E7A4F7556}") = "DevilDaggersWebsite", "..\DevilDaggersWebsite\DevilDaggersWebsite\DevilDaggersWebsite.csproj", "{D30156E7-3BF3-4B11-919C-D61361771637}"
EndProject
Project("{2150E333-8FDC-42A3-9474-1A3956D46DE8}") = "DDAE", "DDAE", "{4ED2487E-73B4-4F54-88ED-6DBDDC86F61D}"
EndProject
Project("{9A19103F-16F7-4668-BE54-9A1E7A4F7556}") = "DevilDaggersAssetCore", "..\DevilDaggersAssetEditor\DevilDaggersAssetCore\DevilDaggersAssetCore.csproj", "{1167F2DF-2780-43DE-A5E3-7013E591D6D8}"
EndProject
Project("{2150E333-8FDC-42A3-9474-1A3956D46DE8}") = "Website", "Website", "{D682BF39-9F2E-4063-8402-CAA7AF47DF7A}"
EndProject
Project("{2150E333-8FDC-42A3-9474-1A3956D46DE8}") = "DDSE", "DDSE", "{D95457A9-07D9-4CD8-9F2B-D0B86FC26DAE}"
EndProject
Project("{2150E333-8FDC-42A3-9474-1A3956D46DE8}") = "DDCL", "DDCL", "{9A540BE3-E316-4D18-B259-D32907D6AB29}"
EndProject
Project("{9A19103F-16F7-4668-BE54-9A1E7A4F7556}") = "DiscordBotDdInfo.Tests", "..\DiscordBotDdInfo\DiscordBotDdInfo.Tests\DiscordBotDdInfo.Tests.csproj", "{8FE1F26A-C558-49C5-BEA8-C74D671D18BE}"
EndProject
Project("{9A19103F-16F7-4668-BE54-9A1E7A4F7556}") = "SitemapGenerator", "..\SitemapGenerator\SitemapGenerator\SitemapGenerator.csproj", "{8E98D884-629D-4B1C-BF05-359003528BB7}"
EndProject
Project("{2150E333-8FDC-42A3-9474-1A3956D46DE8}") = "DBDI", "DBDI", "{2DCC5F06-6937-4613-B452-AC7E4CF158DA}"
EndProject
Project("{9A19103F-16F7-4668-BE54-9A1E7A4F7556}") = "DevilDaggersWebsite.Tests", "..\DevilDaggersWebsite\DevilDaggersWebsite.Tests\DevilDaggersWebsite.Tests.csproj", "{993A21B3-04FF-40A6-AE8B-DA55C257B9E0}"
EndProject
Global
	GlobalSection(SolutionConfigurationPlatforms) = preSolution
		Debug|Any CPU = Debug|Any CPU
		Debug|x64 = Debug|x64
		Debug|x86 = Debug|x86
		Release|Any CPU = Release|Any CPU
		Release|x64 = Release|x64
		Release|x86 = Release|x86
	EndGlobalSection
	GlobalSection(ProjectConfigurationPlatforms) = postSolution
		{AFC09672-34F0-4BA0-BEE3-5F059A39516C}.Debug|Any CPU.ActiveCfg = Debug|Any CPU
		{AFC09672-34F0-4BA0-BEE3-5F059A39516C}.Debug|Any CPU.Build.0 = Debug|Any CPU
		{AFC09672-34F0-4BA0-BEE3-5F059A39516C}.Debug|x64.ActiveCfg = Debug|Any CPU
		{AFC09672-34F0-4BA0-BEE3-5F059A39516C}.Debug|x64.Build.0 = Debug|Any CPU
		{AFC09672-34F0-4BA0-BEE3-5F059A39516C}.Debug|x86.ActiveCfg = Debug|Any CPU
		{AFC09672-34F0-4BA0-BEE3-5F059A39516C}.Debug|x86.Build.0 = Debug|Any CPU
		{AFC09672-34F0-4BA0-BEE3-5F059A39516C}.Release|Any CPU.ActiveCfg = Release|Any CPU
		{AFC09672-34F0-4BA0-BEE3-5F059A39516C}.Release|Any CPU.Build.0 = Release|Any CPU
		{AFC09672-34F0-4BA0-BEE3-5F059A39516C}.Release|x64.ActiveCfg = Release|Any CPU
		{AFC09672-34F0-4BA0-BEE3-5F059A39516C}.Release|x64.Build.0 = Release|Any CPU
		{AFC09672-34F0-4BA0-BEE3-5F059A39516C}.Release|x86.ActiveCfg = Release|Any CPU
		{AFC09672-34F0-4BA0-BEE3-5F059A39516C}.Release|x86.Build.0 = Release|Any CPU
		{3F45D736-3FB7-4D12-AB9F-C584B7770957}.Debug|Any CPU.ActiveCfg = Debug|Any CPU
		{3F45D736-3FB7-4D12-AB9F-C584B7770957}.Debug|Any CPU.Build.0 = Debug|Any CPU
		{3F45D736-3FB7-4D12-AB9F-C584B7770957}.Debug|x64.ActiveCfg = Debug|Any CPU
		{3F45D736-3FB7-4D12-AB9F-C584B7770957}.Debug|x64.Build.0 = Debug|Any CPU
		{3F45D736-3FB7-4D12-AB9F-C584B7770957}.Debug|x86.ActiveCfg = Debug|Any CPU
		{3F45D736-3FB7-4D12-AB9F-C584B7770957}.Debug|x86.Build.0 = Debug|Any CPU
		{3F45D736-3FB7-4D12-AB9F-C584B7770957}.Release|Any CPU.ActiveCfg = Release|Any CPU
		{3F45D736-3FB7-4D12-AB9F-C584B7770957}.Release|Any CPU.Build.0 = Release|Any CPU
		{3F45D736-3FB7-4D12-AB9F-C584B7770957}.Release|x64.ActiveCfg = Release|Any CPU
		{3F45D736-3FB7-4D12-AB9F-C584B7770957}.Release|x64.Build.0 = Release|Any CPU
		{3F45D736-3FB7-4D12-AB9F-C584B7770957}.Release|x86.ActiveCfg = Release|Any CPU
		{3F45D736-3FB7-4D12-AB9F-C584B7770957}.Release|x86.Build.0 = Release|Any CPU
		{FD7FEA29-AB64-43B3-9CC6-09EC076E310C}.Debug|Any CPU.ActiveCfg = Debug|Any CPU
		{FD7FEA29-AB64-43B3-9CC6-09EC076E310C}.Debug|Any CPU.Build.0 = Debug|Any CPU
		{FD7FEA29-AB64-43B3-9CC6-09EC076E310C}.Debug|x64.ActiveCfg = Debug|Any CPU
		{FD7FEA29-AB64-43B3-9CC6-09EC076E310C}.Debug|x64.Build.0 = Debug|Any CPU
		{FD7FEA29-AB64-43B3-9CC6-09EC076E310C}.Debug|x86.ActiveCfg = Debug|Any CPU
		{FD7FEA29-AB64-43B3-9CC6-09EC076E310C}.Debug|x86.Build.0 = Debug|Any CPU
		{FD7FEA29-AB64-43B3-9CC6-09EC076E310C}.Release|Any CPU.ActiveCfg = Release|Any CPU
		{FD7FEA29-AB64-43B3-9CC6-09EC076E310C}.Release|Any CPU.Build.0 = Release|Any CPU
		{FD7FEA29-AB64-43B3-9CC6-09EC076E310C}.Release|x64.ActiveCfg = Release|Any CPU
		{FD7FEA29-AB64-43B3-9CC6-09EC076E310C}.Release|x64.Build.0 = Release|Any CPU
		{FD7FEA29-AB64-43B3-9CC6-09EC076E310C}.Release|x86.ActiveCfg = Release|Any CPU
		{FD7FEA29-AB64-43B3-9CC6-09EC076E310C}.Release|x86.Build.0 = Release|Any CPU
		{7566DD96-03E4-4F85-BE73-8161F01CD5D2}.Debug|Any CPU.ActiveCfg = Debug|Any CPU
		{7566DD96-03E4-4F85-BE73-8161F01CD5D2}.Debug|Any CPU.Build.0 = Debug|Any CPU
		{7566DD96-03E4-4F85-BE73-8161F01CD5D2}.Debug|x64.ActiveCfg = Debug|Any CPU
		{7566DD96-03E4-4F85-BE73-8161F01CD5D2}.Debug|x64.Build.0 = Debug|Any CPU
		{7566DD96-03E4-4F85-BE73-8161F01CD5D2}.Debug|x86.ActiveCfg = Debug|Any CPU
		{7566DD96-03E4-4F85-BE73-8161F01CD5D2}.Debug|x86.Build.0 = Debug|Any CPU
		{7566DD96-03E4-4F85-BE73-8161F01CD5D2}.Release|Any CPU.ActiveCfg = Release|Any CPU
		{7566DD96-03E4-4F85-BE73-8161F01CD5D2}.Release|Any CPU.Build.0 = Release|Any CPU
		{7566DD96-03E4-4F85-BE73-8161F01CD5D2}.Release|x64.ActiveCfg = Release|Any CPU
		{7566DD96-03E4-4F85-BE73-8161F01CD5D2}.Release|x64.Build.0 = Release|Any CPU
		{7566DD96-03E4-4F85-BE73-8161F01CD5D2}.Release|x86.ActiveCfg = Release|Any CPU
		{7566DD96-03E4-4F85-BE73-8161F01CD5D2}.Release|x86.Build.0 = Release|Any CPU
		{1F1E41AC-3DB2-4C00-B68D-692421DAE241}.Debug|Any CPU.ActiveCfg = Debug|Any CPU
		{1F1E41AC-3DB2-4C00-B68D-692421DAE241}.Debug|Any CPU.Build.0 = Debug|Any CPU
		{1F1E41AC-3DB2-4C00-B68D-692421DAE241}.Debug|x64.ActiveCfg = Debug|Any CPU
		{1F1E41AC-3DB2-4C00-B68D-692421DAE241}.Debug|x64.Build.0 = Debug|Any CPU
		{1F1E41AC-3DB2-4C00-B68D-692421DAE241}.Debug|x86.ActiveCfg = Debug|Any CPU
		{1F1E41AC-3DB2-4C00-B68D-692421DAE241}.Debug|x86.Build.0 = Debug|Any CPU
		{1F1E41AC-3DB2-4C00-B68D-692421DAE241}.Release|Any CPU.ActiveCfg = Release|Any CPU
		{1F1E41AC-3DB2-4C00-B68D-692421DAE241}.Release|Any CPU.Build.0 = Release|Any CPU
		{1F1E41AC-3DB2-4C00-B68D-692421DAE241}.Release|x64.ActiveCfg = Release|Any CPU
		{1F1E41AC-3DB2-4C00-B68D-692421DAE241}.Release|x64.Build.0 = Release|Any CPU
		{1F1E41AC-3DB2-4C00-B68D-692421DAE241}.Release|x86.ActiveCfg = Release|Any CPU
		{1F1E41AC-3DB2-4C00-B68D-692421DAE241}.Release|x86.Build.0 = Release|Any CPU
		{D30156E7-3BF3-4B11-919C-D61361771637}.Debug|Any CPU.ActiveCfg = Debug|Any CPU
		{D30156E7-3BF3-4B11-919C-D61361771637}.Debug|Any CPU.Build.0 = Debug|Any CPU
		{D30156E7-3BF3-4B11-919C-D61361771637}.Debug|x64.ActiveCfg = Debug|Any CPU
		{D30156E7-3BF3-4B11-919C-D61361771637}.Debug|x64.Build.0 = Debug|Any CPU
		{D30156E7-3BF3-4B11-919C-D61361771637}.Debug|x86.ActiveCfg = Debug|Any CPU
		{D30156E7-3BF3-4B11-919C-D61361771637}.Debug|x86.Build.0 = Debug|Any CPU
		{D30156E7-3BF3-4B11-919C-D61361771637}.Release|Any CPU.ActiveCfg = Release|Any CPU
		{D30156E7-3BF3-4B11-919C-D61361771637}.Release|Any CPU.Build.0 = Release|Any CPU
		{D30156E7-3BF3-4B11-919C-D61361771637}.Release|x64.ActiveCfg = Release|Any CPU
		{D30156E7-3BF3-4B11-919C-D61361771637}.Release|x64.Build.0 = Release|Any CPU
		{D30156E7-3BF3-4B11-919C-D61361771637}.Release|x86.ActiveCfg = Release|Any CPU
		{D30156E7-3BF3-4B11-919C-D61361771637}.Release|x86.Build.0 = Release|Any CPU
		{1167F2DF-2780-43DE-A5E3-7013E591D6D8}.Debug|Any CPU.ActiveCfg = Debug|Any CPU
		{1167F2DF-2780-43DE-A5E3-7013E591D6D8}.Debug|Any CPU.Build.0 = Debug|Any CPU
		{1167F2DF-2780-43DE-A5E3-7013E591D6D8}.Debug|x64.ActiveCfg = Debug|x64
		{1167F2DF-2780-43DE-A5E3-7013E591D6D8}.Debug|x64.Build.0 = Debug|x64
		{1167F2DF-2780-43DE-A5E3-7013E591D6D8}.Debug|x86.ActiveCfg = Debug|x86
		{1167F2DF-2780-43DE-A5E3-7013E591D6D8}.Debug|x86.Build.0 = Debug|x86
		{1167F2DF-2780-43DE-A5E3-7013E591D6D8}.Release|Any CPU.ActiveCfg = Release|Any CPU
		{1167F2DF-2780-43DE-A5E3-7013E591D6D8}.Release|Any CPU.Build.0 = Release|Any CPU
		{1167F2DF-2780-43DE-A5E3-7013E591D6D8}.Release|x64.ActiveCfg = Release|x64
		{1167F2DF-2780-43DE-A5E3-7013E591D6D8}.Release|x64.Build.0 = Release|x64
		{1167F2DF-2780-43DE-A5E3-7013E591D6D8}.Release|x86.ActiveCfg = Release|x86
		{1167F2DF-2780-43DE-A5E3-7013E591D6D8}.Release|x86.Build.0 = Release|x86
		{8FE1F26A-C558-49C5-BEA8-C74D671D18BE}.Debug|Any CPU.ActiveCfg = Debug|Any CPU
		{8FE1F26A-C558-49C5-BEA8-C74D671D18BE}.Debug|Any CPU.Build.0 = Debug|Any CPU
		{8FE1F26A-C558-49C5-BEA8-C74D671D18BE}.Debug|x64.ActiveCfg = Debug|Any CPU
		{8FE1F26A-C558-49C5-BEA8-C74D671D18BE}.Debug|x64.Build.0 = Debug|Any CPU
		{8FE1F26A-C558-49C5-BEA8-C74D671D18BE}.Debug|x86.ActiveCfg = Debug|Any CPU
		{8FE1F26A-C558-49C5-BEA8-C74D671D18BE}.Debug|x86.Build.0 = Debug|Any CPU
		{8FE1F26A-C558-49C5-BEA8-C74D671D18BE}.Release|Any CPU.ActiveCfg = Release|Any CPU
		{8FE1F26A-C558-49C5-BEA8-C74D671D18BE}.Release|Any CPU.Build.0 = Release|Any CPU
		{8FE1F26A-C558-49C5-BEA8-C74D671D18BE}.Release|x64.ActiveCfg = Release|Any CPU
		{8FE1F26A-C558-49C5-BEA8-C74D671D18BE}.Release|x64.Build.0 = Release|Any CPU
		{8FE1F26A-C558-49C5-BEA8-C74D671D18BE}.Release|x86.ActiveCfg = Release|Any CPU
		{8FE1F26A-C558-49C5-BEA8-C74D671D18BE}.Release|x86.Build.0 = Release|Any CPU
		{8E98D884-629D-4B1C-BF05-359003528BB7}.Debug|Any CPU.ActiveCfg = Debug|Any CPU
		{8E98D884-629D-4B1C-BF05-359003528BB7}.Debug|Any CPU.Build.0 = Debug|Any CPU
		{8E98D884-629D-4B1C-BF05-359003528BB7}.Debug|x64.ActiveCfg = Debug|Any CPU
		{8E98D884-629D-4B1C-BF05-359003528BB7}.Debug|x64.Build.0 = Debug|Any CPU
		{8E98D884-629D-4B1C-BF05-359003528BB7}.Debug|x86.ActiveCfg = Debug|Any CPU
		{8E98D884-629D-4B1C-BF05-359003528BB7}.Debug|x86.Build.0 = Debug|Any CPU
		{8E98D884-629D-4B1C-BF05-359003528BB7}.Release|Any CPU.ActiveCfg = Release|Any CPU
		{8E98D884-629D-4B1C-BF05-359003528BB7}.Release|Any CPU.Build.0 = Release|Any CPU
		{8E98D884-629D-4B1C-BF05-359003528BB7}.Release|x64.ActiveCfg = Release|Any CPU
		{8E98D884-629D-4B1C-BF05-359003528BB7}.Release|x64.Build.0 = Release|Any CPU
		{8E98D884-629D-4B1C-BF05-359003528BB7}.Release|x86.ActiveCfg = Release|Any CPU
		{8E98D884-629D-4B1C-BF05-359003528BB7}.Release|x86.Build.0 = Release|Any CPU
		{993A21B3-04FF-40A6-AE8B-DA55C257B9E0}.Debug|Any CPU.ActiveCfg = Debug|Any CPU
		{993A21B3-04FF-40A6-AE8B-DA55C257B9E0}.Debug|Any CPU.Build.0 = Debug|Any CPU
		{993A21B3-04FF-40A6-AE8B-DA55C257B9E0}.Debug|x64.ActiveCfg = Debug|Any CPU
		{993A21B3-04FF-40A6-AE8B-DA55C257B9E0}.Debug|x64.Build.0 = Debug|Any CPU
		{993A21B3-04FF-40A6-AE8B-DA55C257B9E0}.Debug|x86.ActiveCfg = Debug|Any CPU
		{993A21B3-04FF-40A6-AE8B-DA55C257B9E0}.Debug|x86.Build.0 = Debug|Any CPU
		{993A21B3-04FF-40A6-AE8B-DA55C257B9E0}.Release|Any CPU.ActiveCfg = Release|Any CPU
		{993A21B3-04FF-40A6-AE8B-DA55C257B9E0}.Release|Any CPU.Build.0 = Release|Any CPU
		{993A21B3-04FF-40A6-AE8B-DA55C257B9E0}.Release|x64.ActiveCfg = Release|Any CPU
		{993A21B3-04FF-40A6-AE8B-DA55C257B9E0}.Release|x64.Build.0 = Release|Any CPU
		{993A21B3-04FF-40A6-AE8B-DA55C257B9E0}.Release|x86.ActiveCfg = Release|Any CPU
		{993A21B3-04FF-40A6-AE8B-DA55C257B9E0}.Release|x86.Build.0 = Release|Any CPU
	EndGlobalSection
	GlobalSection(SolutionProperties) = preSolution
		HideSolutionNode = FALSE
	EndGlobalSection
	GlobalSection(NestedProjects) = preSolution
		{AFC09672-34F0-4BA0-BEE3-5F059A39516C} = {9454EFE3-EF3D-4CC7-BEED-82134CE25444}
		{3F45D736-3FB7-4D12-AB9F-C584B7770957} = {4ED2487E-73B4-4F54-88ED-6DBDDC86F61D}
		{FD7FEA29-AB64-43B3-9CC6-09EC076E310C} = {9A540BE3-E316-4D18-B259-D32907D6AB29}
		{7566DD96-03E4-4F85-BE73-8161F01CD5D2} = {2DCC5F06-6937-4613-B452-AC7E4CF158DA}
		{1F1E41AC-3DB2-4C00-B68D-692421DAE241} = {D95457A9-07D9-4CD8-9F2B-D0B86FC26DAE}
		{D30156E7-3BF3-4B11-919C-D61361771637} = {D682BF39-9F2E-4063-8402-CAA7AF47DF7A}
		{1167F2DF-2780-43DE-A5E3-7013E591D6D8} = {4ED2487E-73B4-4F54-88ED-6DBDDC86F61D}
		{8FE1F26A-C558-49C5-BEA8-C74D671D18BE} = {2DCC5F06-6937-4613-B452-AC7E4CF158DA}
		{8E98D884-629D-4B1C-BF05-359003528BB7} = {D682BF39-9F2E-4063-8402-CAA7AF47DF7A}
		{993A21B3-04FF-40A6-AE8B-DA55C257B9E0} = {D682BF39-9F2E-4063-8402-CAA7AF47DF7A}
	EndGlobalSection
	GlobalSection(ExtensibilityGlobals) = postSolution
		SolutionGuid = {F6B0C169-2A74-491E-8B34-38A0CC3CD2DE}
	EndGlobalSection
EndGlobal
